
Microsoft Visual Studio Solution File, Format Version 12.00
# Visual Studio Version 16
VisualStudioVersion = 16.0.30011.22
MinimumVisualStudioVersion = 10.0.40219.1
Project("{9A19103F-16F7-4668-BE54-9A1E7A4F7556}") = "global-bilgi-unittest-sample", "global-bilgi-unittest-sample\global-bilgi-unittest-sample.csproj", "{5A3E190C-BD04-4D7B-8579-0F2C65A11A71}"
EndProject
Project("{9A19103F-16F7-4668-BE54-9A1E7A4F7556}") = "globa-bilgi-unit-test-sample.test", "globa-bilgi-unit-test-sample.test\globa-bilgi-unit-test-sample.test.csproj", "{4B0AD9C8-F337-4884-B2DB-881BAB68D16D}"
EndProject
Project("{2150E333-8FDC-42A3-9474-1A3956D46DE8}") = "src", "src", "{D3280EDE-4B80-4106-B20F-6457D83018E3}"
EndProject
Project("{2150E333-8FDC-42A3-9474-1A3956D46DE8}") = "test", "test", "{77AEBACE-F9A8-475F-9823-481CFBCB0475}"
EndProject
Project("{FAE04EC0-301F-11D3-BF4B-00C04F79EFBC}") = "GlobalBilgi.Core", "GlobalBilgi.Core\GlobalBilgi.Core.csproj", "{A68EEB1D-1101-42A8-8D3F-9F35466B0A5A}"
EndProject
Project("{FAE04EC0-301F-11D3-BF4B-00C04F79EFBC}") = "GlobalBilgi.Infrastructure", "GlobalBilgi.Infrastructure\GlobalBilgi.Infrastructure.csproj", "{A0F0F64F-E402-4BD1-99BD-4E9B064D8900}"
EndProject
Project("{FAE04EC0-301F-11D3-BF4B-00C04F79EFBC}") = "GlobalBilgi.Application", "GlobalBilgi.Application\GlobalBilgi.Application.csproj", "{63DA5156-D314-4F55-8B72-6DCC1B566745}"
EndProject
Project("{FAE04EC0-301F-11D3-BF4B-00C04F79EFBC}") = "GlobalBilgi.Web", "GlobalBilgi.Web\GlobalBilgi.Web.csproj", "{08C49108-65FF-4296-9A04-92F1E3D08A29}"
EndProject
Project("{2150E333-8FDC-42A3-9474-1A3956D46DE8}") = "Solution Items", "Solution Items", "{26EFE1CB-E3A9-4B50-AC15-1AE30434BDA4}"
	ProjectSection(SolutionItems) = preProject
		linkler.txt = linkler.txt
		MicroServices (1).pptx = MicroServices (1).pptx
	EndProjectSection
EndProject
Global
	GlobalSection(SolutionConfigurationPlatforms) = preSolution
		Debug|Any CPU = Debug|Any CPU
		Release|Any CPU = Release|Any CPU
	EndGlobalSection
	GlobalSection(ProjectConfigurationPlatforms) = postSolution
		{5A3E190C-BD04-4D7B-8579-0F2C65A11A71}.Debug|Any CPU.ActiveCfg = Debug|Any CPU
		{5A3E190C-BD04-4D7B-8579-0F2C65A11A71}.Debug|Any CPU.Build.0 = Debug|Any CPU
		{5A3E190C-BD04-4D7B-8579-0F2C65A11A71}.Release|Any CPU.ActiveCfg = Release|Any CPU
		{5A3E190C-BD04-4D7B-8579-0F2C65A11A71}.Release|Any CPU.Build.0 = Release|Any CPU
		{4B0AD9C8-F337-4884-B2DB-881BAB68D16D}.Debug|Any CPU.ActiveCfg = Debug|Any CPU
		{4B0AD9C8-F337-4884-B2DB-881BAB68D16D}.Debug|Any CPU.Build.0 = Debug|Any CPU
		{4B0AD9C8-F337-4884-B2DB-881BAB68D16D}.Release|Any CPU.ActiveCfg = Release|Any CPU
		{4B0AD9C8-F337-4884-B2DB-881BAB68D16D}.Release|Any CPU.Build.0 = Release|Any CPU
		{A68EEB1D-1101-42A8-8D3F-9F35466B0A5A}.Debug|Any CPU.ActiveCfg = Debug|Any CPU
		{A68EEB1D-1101-42A8-8D3F-9F35466B0A5A}.Debug|Any CPU.Build.0 = Debug|Any CPU
		{A68EEB1D-1101-42A8-8D3F-9F35466B0A5A}.Release|Any CPU.ActiveCfg = Release|Any CPU
		{A68EEB1D-1101-42A8-8D3F-9F35466B0A5A}.Release|Any CPU.Build.0 = Release|Any CPU
		{A0F0F64F-E402-4BD1-99BD-4E9B064D8900}.Debug|Any CPU.ActiveCfg = Debug|Any CPU
		{A0F0F64F-E402-4BD1-99BD-4E9B064D8900}.Debug|Any CPU.Build.0 = Debug|Any CPU
		{A0F0F64F-E402-4BD1-99BD-4E9B064D8900}.Release|Any CPU.ActiveCfg = Release|Any CPU
		{A0F0F64F-E402-4BD1-99BD-4E9B064D8900}.Release|Any CPU.Build.0 = Release|Any CPU
		{63DA5156-D314-4F55-8B72-6DCC1B566745}.Debug|Any CPU.ActiveCfg = Debug|Any CPU
		{63DA5156-D314-4F55-8B72-6DCC1B566745}.Debug|Any CPU.Build.0 = Debug|Any CPU
		{63DA5156-D314-4F55-8B72-6DCC1B566745}.Release|Any CPU.ActiveCfg = Release|Any CPU
		{63DA5156-D314-4F55-8B72-6DCC1B566745}.Release|Any CPU.Build.0 = Release|Any CPU
		{08C49108-65FF-4296-9A04-92F1E3D08A29}.Debug|Any CPU.ActiveCfg = Debug|Any CPU
		{08C49108-65FF-4296-9A04-92F1E3D08A29}.Debug|Any CPU.Build.0 = Debug|Any CPU
		{08C49108-65FF-4296-9A04-92F1E3D08A29}.Release|Any CPU.ActiveCfg = Release|Any CPU
		{08C49108-65FF-4296-9A04-92F1E3D08A29}.Release|Any CPU.Build.0 = Release|Any CPU
	EndGlobalSection
	GlobalSection(SolutionProperties) = preSolution
		HideSolutionNode = FALSE
	EndGlobalSection
	GlobalSection(NestedProjects) = preSolution
		{A68EEB1D-1101-42A8-8D3F-9F35466B0A5A} = {D3280EDE-4B80-4106-B20F-6457D83018E3}
		{A0F0F64F-E402-4BD1-99BD-4E9B064D8900} = {D3280EDE-4B80-4106-B20F-6457D83018E3}
		{63DA5156-D314-4F55-8B72-6DCC1B566745} = {D3280EDE-4B80-4106-B20F-6457D83018E3}
		{08C49108-65FF-4296-9A04-92F1E3D08A29} = {D3280EDE-4B80-4106-B20F-6457D83018E3}
	EndGlobalSection
	GlobalSection(ExtensibilityGlobals) = postSolution
		SolutionGuid = {1FB6BF29-9A5C-4D8F-BBFA-0A72F8F0BF50}
	EndGlobalSection
EndGlobal
